
Microsoft Visual Studio Solution File, Format Version 12.00
# Visual Studio Version 17
VisualStudioVersion = 17.2.32526.322
MinimumVisualStudioVersion = 10.0.40219.1
Project("{9A19103F-16F7-4668-BE54-9A1E7A4F7556}") = "TableStorage", "TableStorage\TableStorage.csproj", "{6B5D166A-BCE5-4F77-A8C4-E90D6FD585EE}"
	ProjectSection(ProjectDependencies) = postProject
		{1FCA1804-467B-4364-A523-5E96D9938B8F} = {1FCA1804-467B-4364-A523-5E96D9938B8F}
	EndProjectSection
EndProject
Project("{9A19103F-16F7-4668-BE54-9A1E7A4F7556}") = "TableStorageTests", "TableStorageTests\TableStorageTests.csproj", "{41E0FD0B-7EE6-4D73-B037-D30CD72044BB}"
EndProject
Project("{9A19103F-16F7-4668-BE54-9A1E7A4F7556}") = "TableStorage.SourceGenerators", "TableStorage.SourceGenerators\TableStorage.SourceGenerators.csproj", "{1FCA1804-467B-4364-A523-5E96D9938B8F}"
EndProject
Project("{FAE04EC0-301F-11D3-BF4B-00C04F79EFBC}") = "TableStorage.Blobs", "TableStorage.Blobs\TableStorage.Blobs.csproj", "{169EE150-13B5-44F2-8044-EA317C1A6D04}"
EndProject
Global
	GlobalSection(SolutionConfigurationPlatforms) = preSolution
		Debug|Any CPU = Debug|Any CPU
		Release|Any CPU = Release|Any CPU
	EndGlobalSection
	GlobalSection(ProjectConfigurationPlatforms) = postSolution
		{6B5D166A-BCE5-4F77-A8C4-E90D6FD585EE}.Debug|Any CPU.ActiveCfg = Debug|Any CPU
		{6B5D166A-BCE5-4F77-A8C4-E90D6FD585EE}.Debug|Any CPU.Build.0 = Debug|Any CPU
		{6B5D166A-BCE5-4F77-A8C4-E90D6FD585EE}.Release|Any CPU.ActiveCfg = Release|Any CPU
		{6B5D166A-BCE5-4F77-A8C4-E90D6FD585EE}.Release|Any CPU.Build.0 = Release|Any CPU
		{41E0FD0B-7EE6-4D73-B037-D30CD72044BB}.Debug|Any CPU.ActiveCfg = Debug|Any CPU
		{41E0FD0B-7EE6-4D73-B037-D30CD72044BB}.Debug|Any CPU.Build.0 = Debug|Any CPU
		{41E0FD0B-7EE6-4D73-B037-D30CD72044BB}.Release|Any CPU.ActiveCfg = Release|Any CPU
		{41E0FD0B-7EE6-4D73-B037-D30CD72044BB}.Release|Any CPU.Build.0 = Release|Any CPU
		{1FCA1804-467B-4364-A523-5E96D9938B8F}.Debug|Any CPU.ActiveCfg = Debug|Any CPU
		{1FCA1804-467B-4364-A523-5E96D9938B8F}.Debug|Any CPU.Build.0 = Debug|Any CPU
		{1FCA1804-467B-4364-A523-5E96D9938B8F}.Release|Any CPU.ActiveCfg = Release|Any CPU
		{1FCA1804-467B-4364-A523-5E96D9938B8F}.Release|Any CPU.Build.0 = Release|Any CPU
		{169EE150-13B5-44F2-8044-EA317C1A6D04}.Debug|Any CPU.ActiveCfg = Debug|Any CPU
		{169EE150-13B5-44F2-8044-EA317C1A6D04}.Debug|Any CPU.Build.0 = Debug|Any CPU
		{169EE150-13B5-44F2-8044-EA317C1A6D04}.Release|Any CPU.ActiveCfg = Release|Any CPU
		{169EE150-13B5-44F2-8044-EA317C1A6D04}.Release|Any CPU.Build.0 = Release|Any CPU
	EndGlobalSection
	GlobalSection(SolutionProperties) = preSolution
		HideSolutionNode = FALSE
	EndGlobalSection
	GlobalSection(ExtensibilityGlobals) = postSolution
		SolutionGuid = {AE498644-021F-4205-AF44-D0533D61833F}
	EndGlobalSection
EndGlobal
